
Microsoft Visual Studio Solution File, Format Version 12.00
# Visual Studio Version 16
VisualStudioVersion = 16.0.30804.86
MinimumVisualStudioVersion = 10.0.40219.1
Project("{FAE04EC0-301F-11D3-BF4B-00C04F79EFBC}") = "WinFormCalculadora", "WinFormCalculadora\WinFormCalculadora.csproj", "{21626F72-C25B-41D2-AC13-520C55F2E70A}"
EndProject
Project("{FAE04EC0-301F-11D3-BF4B-00C04F79EFBC}") = "Dominio_LibCalc", "Dominio_LibCalc\Dominio_LibCalc.csproj", "{DAB0A723-8AE4-4197-BCAF-4D7DE65A9DA2}"
EndProject
Global
	GlobalSection(SolutionConfigurationPlatforms) = preSolution
		Debug|Any CPU = Debug|Any CPU
		Release|Any CPU = Release|Any CPU
	EndGlobalSection
	GlobalSection(ProjectConfigurationPlatforms) = postSolution
		{21626F72-C25B-41D2-AC13-520C55F2E70A}.Debug|Any CPU.ActiveCfg = Debug|Any CPU
		{21626F72-C25B-41D2-AC13-520C55F2E70A}.Debug|Any CPU.Build.0 = Debug|Any CPU
		{21626F72-C25B-41D2-AC13-520C55F2E70A}.Release|Any CPU.ActiveCfg = Release|Any CPU
		{21626F72-C25B-41D2-AC13-520C55F2E70A}.Release|Any CPU.Build.0 = Release|Any CPU
		{DAB0A723-8AE4-4197-BCAF-4D7DE65A9DA2}.Debug|Any CPU.ActiveCfg = Debug|Any CPU
		{DAB0A723-8AE4-4197-BCAF-4D7DE65A9DA2}.Debug|Any CPU.Build.0 = Debug|Any CPU
		{DAB0A723-8AE4-4197-BCAF-4D7DE65A9DA2}.Release|Any CPU.ActiveCfg = Release|Any CPU
		{DAB0A723-8AE4-4197-BCAF-4D7DE65A9DA2}.Release|Any CPU.Build.0 = Release|Any CPU
	EndGlobalSection
	GlobalSection(SolutionProperties) = preSolution
		HideSolutionNode = FALSE
	EndGlobalSection
	GlobalSection(ExtensibilityGlobals) = postSolution
		SolutionGuid = {1EED093D-B9B9-4196-A6AB-FD9B195A6CC2}
	EndGlobalSection
EndGlobal
